
Microsoft Visual Studio Solution File, Format Version 12.00
# Visual Studio Version 16
VisualStudioVersion = 16.0.30320.27
MinimumVisualStudioVersion = 10.0.40219.1
Project("{FAE04EC0-301F-11D3-BF4B-00C04F79EFBC}") = "Myproject", "Myproject\Myproject.csproj", "{FC3A40EB-B136-481E-92AD-1A9ABF6BC218}"
EndProject
Global
	GlobalSection(SolutionConfigurationPlatforms) = preSolution
		Debug|Any CPU = Debug|Any CPU
		Release|Any CPU = Release|Any CPU
	EndGlobalSection
	GlobalSection(ProjectConfigurationPlatforms) = postSolution
		{FC3A40EB-B136-481E-92AD-1A9ABF6BC218}.Debug|Any CPU.ActiveCfg = Debug|Any CPU
		{FC3A40EB-B136-481E-92AD-1A9ABF6BC218}.Debug|Any CPU.Build.0 = Debug|Any CPU
		{FC3A40EB-B136-481E-92AD-1A9ABF6BC218}.Release|Any CPU.ActiveCfg = Release|Any CPU
		{FC3A40EB-B136-481E-92AD-1A9ABF6BC218}.Release|Any CPU.Build.0 = Release|Any CPU
	EndGlobalSection
	GlobalSection(SolutionProperties) = preSolution
		HideSolutionNode = FALSE
	EndGlobalSection
	GlobalSection(ExtensibilityGlobals) = postSolution
		SolutionGuid = {C1898DAB-F6E7-4CBA-8D3A-86BDCA04A08D}
	EndGlobalSection
EndGlobal
